
Microsoft Visual Studio Solution File, Format Version 11.00
# Visual Studio 2010
Project("{8BC9CEB8-8B4A-11D0-8D11-00A0C91BC942}") = "use-protobuff", "use-protobuff\use-protobuff.vcxproj", "{CBD50881-3239-4541-A8B4-0C95D419F61E}"
EndProject
Global
	GlobalSection(SolutionConfigurationPlatforms) = preSolution
		Debug|Win32 = Debug|Win32
		Release|Win32 = Release|Win32
	EndGlobalSection
	GlobalSection(ProjectConfigurationPlatforms) = postSolution
		{CBD50881-3239-4541-A8B4-0C95D419F61E}.Debug|Win32.ActiveCfg = Debug|Win32
		{CBD50881-3239-4541-A8B4-0C95D419F61E}.Debug|Win32.Build.0 = Debug|Win32
		{CBD50881-3239-4541-A8B4-0C95D419F61E}.Release|Win32.ActiveCfg = Release|Win32
		{CBD50881-3239-4541-A8B4-0C95D419F61E}.Release|Win32.Build.0 = Release|Win32
	EndGlobalSection
	GlobalSection(SolutionProperties) = preSolution
		HideSolutionNode = FALSE
	EndGlobalSection
EndGlobal
